// !$*UTF8*$!
{
	archiveVersion = 1;
	classes = {
	};
	objectVersion = 51;
	objects = {

/* Begin PBXBuildFile section */
		8CD77CA648121BAB4C3BA691 /* Pods_deliveryService_auth.framework in Frameworks */ = {isa = PBXBuildFile; fileRef = 8BDFDF512F00A34C8224EC3C /* Pods_deliveryService_auth.framework */; };
		B82FBC85283E40160027A5BE /* TabBarVC.swift in Sources */ = {isa = PBXBuildFile; fileRef = B82FBC84283E40160027A5BE /* TabBarVC.swift */; };
		B82FBC88283E51000027A5BE /* ShopVC.swift in Sources */ = {isa = PBXBuildFile; fileRef = B82FBC87283E51000027A5BE /* ShopVC.swift */; };
		B82FBC8B283E516C0027A5BE /* ProfileVC.swift in Sources */ = {isa = PBXBuildFile; fileRef = B82FBC8A283E516C0027A5BE /* ProfileVC.swift */; };
		B8463BAF283BE30700E3D1F0 /* StartVC.swift in Sources */ = {isa = PBXBuildFile; fileRef = B8463BAE283BE30700E3D1F0 /* StartVC.swift */; };
		B8463BB1283BE32C00E3D1F0 /* SetupStartViews.swift in Sources */ = {isa = PBXBuildFile; fileRef = B8463BB0283BE32C00E3D1F0 /* SetupStartViews.swift */; };
		B84641422839402F009E4E9B /* AppDelegate.swift in Sources */ = {isa = PBXBuildFile; fileRef = B84641412839402F009E4E9B /* AppDelegate.swift */; };
		B84641442839402F009E4E9B /* SceneDelegate.swift in Sources */ = {isa = PBXBuildFile; fileRef = B84641432839402F009E4E9B /* SceneDelegate.swift */; };
		B84641462839402F009E4E9B /* ViewController.swift in Sources */ = {isa = PBXBuildFile; fileRef = B84641452839402F009E4E9B /* ViewController.swift */; };
		B84641492839402F009E4E9B /* Main.storyboard in Resources */ = {isa = PBXBuildFile; fileRef = B84641472839402F009E4E9B /* Main.storyboard */; };
		B846414B28394030009E4E9B /* Assets.xcassets in Resources */ = {isa = PBXBuildFile; fileRef = B846414A28394030009E4E9B /* Assets.xcassets */; };
		B846414E28394030009E4E9B /* LaunchScreen.storyboard in Resources */ = {isa = PBXBuildFile; fileRef = B846414C28394030009E4E9B /* LaunchScreen.storyboard */; };
		B84641572839411B009E4E9B /* RegisterVC.swift in Sources */ = {isa = PBXBuildFile; fileRef = B84641562839411B009E4E9B /* RegisterVC.swift */; };
		B846415C28394401009E4E9B /* SetupRegisterViews.swift in Sources */ = {isa = PBXBuildFile; fileRef = B846415B28394401009E4E9B /* SetupRegisterViews.swift */; };
		B846415E28399558009E4E9B /* CheckUserVC.swift in Sources */ = {isa = PBXBuildFile; fileRef = B846415D28399558009E4E9B /* CheckUserVC.swift */; };
		B84641622839986C009E4E9B /* SetupCheckViews.swift in Sources */ = {isa = PBXBuildFile; fileRef = B84641612839986C009E4E9B /* SetupCheckViews.swift */; };
		B84641642839AD01009E4E9B /* RegisterDelegate.swift in Sources */ = {isa = PBXBuildFile; fileRef = B84641632839AD01009E4E9B /* RegisterDelegate.swift */; };
		B871A490283BA54700ED7F01 /* GoogleService-Info.plist in Resources */ = {isa = PBXBuildFile; fileRef = B871A48F283BA54700ED7F01 /* GoogleService-Info.plist */; };
		B871A493283BBBD600ED7F01 /* RestaurantsVC.swift in Sources */ = {isa = PBXBuildFile; fileRef = B871A492283BBBD600ED7F01 /* RestaurantsVC.swift */; };
		B871A495283BBFDC00ED7F01 /* SetupRestsViews.swift in Sources */ = {isa = PBXBuildFile; fileRef = B871A494283BBFDC00ED7F01 /* SetupRestsViews.swift */; };
/* End PBXBuildFile section */

/* Begin PBXFileReference section */
		2E8682EFF24F2BA1D7AD7169 /* Pods-deliveryService-auth.debug.xcconfig */ = {isa = PBXFileReference; includeInIndex = 1; lastKnownFileType = text.xcconfig; name = "Pods-deliveryService-auth.debug.xcconfig"; path = "Target Support Files/Pods-deliveryService-auth/Pods-deliveryService-auth.debug.xcconfig"; sourceTree = "<group>"; };
		8BDFDF512F00A34C8224EC3C /* Pods_deliveryService_auth.framework */ = {isa = PBXFileReference; explicitFileType = wrapper.framework; includeInIndex = 0; path = Pods_deliveryService_auth.framework; sourceTree = BUILT_PRODUCTS_DIR; };
		B82FBC84283E40160027A5BE /* TabBarVC.swift */ = {isa = PBXFileReference; lastKnownFileType = sourcecode.swift; path = TabBarVC.swift; sourceTree = "<group>"; };
		B82FBC87283E51000027A5BE /* ShopVC.swift */ = {isa = PBXFileReference; lastKnownFileType = sourcecode.swift; path = ShopVC.swift; sourceTree = "<group>"; };
		B82FBC8A283E516C0027A5BE /* ProfileVC.swift */ = {isa = PBXFileReference; lastKnownFileType = sourcecode.swift; path = ProfileVC.swift; sourceTree = "<group>"; };
		B8463BAE283BE30700E3D1F0 /* StartVC.swift */ = {isa = PBXFileReference; lastKnownFileType = sourcecode.swift; path = StartVC.swift; sourceTree = "<group>"; };
		B8463BB0283BE32C00E3D1F0 /* SetupStartViews.swift */ = {isa = PBXFileReference; lastKnownFileType = sourcecode.swift; path = SetupStartViews.swift; sourceTree = "<group>"; };
		B846413E2839402F009E4E9B /* deliveryService-auth.app */ = {isa = PBXFileReference; explicitFileType = wrapper.application; includeInIndex = 0; path = "deliveryService-auth.app"; sourceTree = BUILT_PRODUCTS_DIR; };
		B84641412839402F009E4E9B /* AppDelegate.swift */ = {isa = PBXFileReference; lastKnownFileType = sourcecode.swift; path = AppDelegate.swift; sourceTree = "<group>"; };
		B84641432839402F009E4E9B /* SceneDelegate.swift */ = {isa = PBXFileReference; lastKnownFileType = sourcecode.swift; path = SceneDelegate.swift; sourceTree = "<group>"; };
		B84641452839402F009E4E9B /* ViewController.swift */ = {isa = PBXFileReference; lastKnownFileType = sourcecode.swift; path = ViewController.swift; sourceTree = "<group>"; };
		B84641482839402F009E4E9B /* Base */ = {isa = PBXFileReference; lastKnownFileType = file.storyboard; name = Base; path = Base.lproj/Main.storyboard; sourceTree = "<group>"; };
		B846414A28394030009E4E9B /* Assets.xcassets */ = {isa = PBXFileReference; lastKnownFileType = folder.assetcatalog; path = Assets.xcassets; sourceTree = "<group>"; };
		B846414D28394030009E4E9B /* Base */ = {isa = PBXFileReference; lastKnownFileType = file.storyboard; name = Base; path = Base.lproj/LaunchScreen.storyboard; sourceTree = "<group>"; };
		B846414F28394030009E4E9B /* Info.plist */ = {isa = PBXFileReference; lastKnownFileType = text.plist.xml; path = Info.plist; sourceTree = "<group>"; };
		B84641562839411B009E4E9B /* RegisterVC.swift */ = {isa = PBXFileReference; lastKnownFileType = sourcecode.swift; path = RegisterVC.swift; sourceTree = "<group>"; };
		B846415B28394401009E4E9B /* SetupRegisterViews.swift */ = {isa = PBXFileReference; lastKnownFileType = sourcecode.swift; path = SetupRegisterViews.swift; sourceTree = "<group>"; };
		B846415D28399558009E4E9B /* CheckUserVC.swift */ = {isa = PBXFileReference; lastKnownFileType = sourcecode.swift; path = CheckUserVC.swift; sourceTree = "<group>"; };
		B84641612839986C009E4E9B /* SetupCheckViews.swift */ = {isa = PBXFileReference; lastKnownFileType = sourcecode.swift; path = SetupCheckViews.swift; sourceTree = "<group>"; };
		B84641632839AD01009E4E9B /* RegisterDelegate.swift */ = {isa = PBXFileReference; lastKnownFileType = sourcecode.swift; path = RegisterDelegate.swift; sourceTree = "<group>"; };
		B871A48F283BA54700ED7F01 /* GoogleService-Info.plist */ = {isa = PBXFileReference; fileEncoding = 4; lastKnownFileType = text.plist.xml; path = "GoogleService-Info.plist"; sourceTree = "<group>"; };
		B871A492283BBBD600ED7F01 /* RestaurantsVC.swift */ = {isa = PBXFileReference; lastKnownFileType = sourcecode.swift; path = RestaurantsVC.swift; sourceTree = "<group>"; };
		B871A494283BBFDC00ED7F01 /* SetupRestsViews.swift */ = {isa = PBXFileReference; lastKnownFileType = sourcecode.swift; path = SetupRestsViews.swift; sourceTree = "<group>"; };
		D2B659ECE5EF645CB5898235 /* Pods-deliveryService-auth.release.xcconfig */ = {isa = PBXFileReference; includeInIndex = 1; lastKnownFileType = text.xcconfig; name = "Pods-deliveryService-auth.release.xcconfig"; path = "Target Support Files/Pods-deliveryService-auth/Pods-deliveryService-auth.release.xcconfig"; sourceTree = "<group>"; };
/* End PBXFileReference section */

/* Begin PBXFrameworksBuildPhase section */
		B846413B2839402F009E4E9B /* Frameworks */ = {
			isa = PBXFrameworksBuildPhase;
			buildActionMask = 2147483647;
			files = (
				8CD77CA648121BAB4C3BA691 /* Pods_deliveryService_auth.framework in Frameworks */,
			);
			runOnlyForDeploymentPostprocessing = 0;
		};
/* End PBXFrameworksBuildPhase section */

/* Begin PBXGroup section */
		34C00AC0F6B6ABC676BC7444 /* Frameworks */ = {
			isa = PBXGroup;
			children = (
				8BDFDF512F00A34C8224EC3C /* Pods_deliveryService_auth.framework */,
			);
			name = Frameworks;
			sourceTree = "<group>";
		};
		625B0C23F69EC8F12F63A033 /* Pods */ = {
			isa = PBXGroup;
			children = (
				2E8682EFF24F2BA1D7AD7169 /* Pods-deliveryService-auth.debug.xcconfig */,
				D2B659ECE5EF645CB5898235 /* Pods-deliveryService-auth.release.xcconfig */,
			);
			path = Pods;
			sourceTree = "<group>";
		};
		B82FBC86283E43290027A5BE /* Tab Bar */ = {
			isa = PBXGroup;
			children = (
				B82FBC84283E40160027A5BE /* TabBarVC.swift */,
			);
			path = "Tab Bar";
			sourceTree = "<group>";
		};
		B82FBC89283E51070027A5BE /* Shop */ = {
			isa = PBXGroup;
			children = (
				B82FBC87283E51000027A5BE /* ShopVC.swift */,
			);
			path = Shop;
			sourceTree = "<group>";
		};
		B82FBC8C283E51700027A5BE /* Profile */ = {
			isa = PBXGroup;
			children = (
				B82FBC8A283E516C0027A5BE /* ProfileVC.swift */,
			);
			path = Profile;
			sourceTree = "<group>";
		};
		B8463BAD283BE2EC00E3D1F0 /* Start */ = {
			isa = PBXGroup;
			children = (
				B8463BAE283BE30700E3D1F0 /* StartVC.swift */,
				B8463BB0283BE32C00E3D1F0 /* SetupStartViews.swift */,
			);
			path = Start;
			sourceTree = "<group>";
		};
		B84641352839402F009E4E9B = {
			isa = PBXGroup;
			children = (
				B84641402839402F009E4E9B /* deliveryService-auth */,
				B846413F2839402F009E4E9B /* Products */,
				625B0C23F69EC8F12F63A033 /* Pods */,
				34C00AC0F6B6ABC676BC7444 /* Frameworks */,
			);
			sourceTree = "<group>";
		};
		B846413F2839402F009E4E9B /* Products */ = {
			isa = PBXGroup;
			children = (
				B846413E2839402F009E4E9B /* deliveryService-auth.app */,
			);
			name = Products;
			sourceTree = "<group>";
		};
		B84641402839402F009E4E9B /* deliveryService-auth */ = {
			isa = PBXGroup;
			children = (
				B8464155283940BD009E4E9B /* default */,
				B84641452839402F009E4E9B /* ViewController.swift */,
				B846415828394121009E4E9B /* Views */,
				B82FBC89283E51070027A5BE /* Shop */,
				B82FBC8C283E51700027A5BE /* Profile */,
				B871A491283BBBA600ED7F01 /* Restaurants */,
				B84641472839402F009E4E9B /* Main.storyboard */,
				B846414A28394030009E4E9B /* Assets.xcassets */,
				B846414C28394030009E4E9B /* LaunchScreen.storyboard */,
				B846414F28394030009E4E9B /* Info.plist */,
				B871A48F283BA54700ED7F01 /* GoogleService-Info.plist */,
			);
			path = "deliveryService-auth";
			sourceTree = "<group>";
		};
		B8464155283940BD009E4E9B /* default */ = {
			isa = PBXGroup;
			children = (
				B84641412839402F009E4E9B /* AppDelegate.swift */,
				B84641432839402F009E4E9B /* SceneDelegate.swift */,
			);
			path = default;
			sourceTree = "<group>";
		};
		B846415828394121009E4E9B /* Views */ = {
			isa = PBXGroup;
			children = (
				B82FBC86283E43290027A5BE /* Tab Bar */,
				B8463BAD283BE2EC00E3D1F0 /* Start */,
				B846415F28399849009E4E9B /* Register */,
				B846416028399853009E4E9B /* Check User */,
			);
			path = Views;
			sourceTree = "<group>";
		};
		B846415F28399849009E4E9B /* Register */ = {
			isa = PBXGroup;
			children = (
				B84641562839411B009E4E9B /* RegisterVC.swift */,
				B846415B28394401009E4E9B /* SetupRegisterViews.swift */,
				B84641632839AD01009E4E9B /* RegisterDelegate.swift */,
			);
			path = Register;
			sourceTree = "<group>";
		};
		B846416028399853009E4E9B /* Check User */ = {
			isa = PBXGroup;
			children = (
				B846415D28399558009E4E9B /* CheckUserVC.swift */,
				B84641612839986C009E4E9B /* SetupCheckViews.swift */,
			);
			path = "Check User";
			sourceTree = "<group>";
		};
		B871A491283BBBA600ED7F01 /* Restaurants */ = {
			isa = PBXGroup;
			children = (
				B871A492283BBBD600ED7F01 /* RestaurantsVC.swift */,
				B871A494283BBFDC00ED7F01 /* SetupRestsViews.swift */,
			);
			path = Restaurants;
			sourceTree = "<group>";
		};
/* End PBXGroup section */

/* Begin PBXNativeTarget section */
		B846413D2839402F009E4E9B /* deliveryService-auth */ = {
			isa = PBXNativeTarget;
			buildConfigurationList = B846415228394030009E4E9B /* Build configuration list for PBXNativeTarget "deliveryService-auth" */;
			buildPhases = (
				3CFA55DC59EDC5FDB42CE0D1 /* [CP] Check Pods Manifest.lock */,
				B846413A2839402F009E4E9B /* Sources */,
				B846413B2839402F009E4E9B /* Frameworks */,
				B846413C2839402F009E4E9B /* Resources */,
				F25AD34A946189787C8DDA5D /* [CP] Embed Pods Frameworks */,
			);
			buildRules = (
			);
			dependencies = (
			);
			name = "deliveryService-auth";
			productName = "deliveryService-auth";
			productReference = B846413E2839402F009E4E9B /* deliveryService-auth.app */;
			productType = "com.apple.product-type.application";
		};
/* End PBXNativeTarget section */

/* Begin PBXProject section */
		B84641362839402F009E4E9B /* Project object */ = {
			isa = PBXProject;
			attributes = {
				LastSwiftUpdateCheck = 1130;
				LastUpgradeCheck = 1130;
				ORGANIZATIONNAME = "Roman VIRUSLOKI";
				TargetAttributes = {
					B846413D2839402F009E4E9B = {
						CreatedOnToolsVersion = 11.3.1;
					};
				};
			};
			buildConfigurationList = B84641392839402F009E4E9B /* Build configuration list for PBXProject "deliveryService-auth" */;
			compatibilityVersion = "Xcode 9.3";
			developmentRegion = en;
			hasScannedForEncodings = 0;
			knownRegions = (
				en,
				Base,
			);
			mainGroup = B84641352839402F009E4E9B;
			productRefGroup = B846413F2839402F009E4E9B /* Products */;
			projectDirPath = "";
			projectRoot = "";
			targets = (
				B846413D2839402F009E4E9B /* deliveryService-auth */,
			);
		};
/* End PBXProject section */

/* Begin PBXResourcesBuildPhase section */
		B846413C2839402F009E4E9B /* Resources */ = {
			isa = PBXResourcesBuildPhase;
			buildActionMask = 2147483647;
			files = (
				B846414E28394030009E4E9B /* LaunchScreen.storyboard in Resources */,
				B871A490283BA54700ED7F01 /* GoogleService-Info.plist in Resources */,
				B846414B28394030009E4E9B /* Assets.xcassets in Resources */,
				B84641492839402F009E4E9B /* Main.storyboard in Resources */,
			);
			runOnlyForDeploymentPostprocessing = 0;
		};
/* End PBXResourcesBuildPhase section */

/* Begin PBXShellScriptBuildPhase section */
		3CFA55DC59EDC5FDB42CE0D1 /* [CP] Check Pods Manifest.lock */ = {
			isa = PBXShellScriptBuildPhase;
			buildActionMask = 2147483647;
			files = (
			);
			inputFileListPaths = (
			);
			inputPaths = (
				"${PODS_PODFILE_DIR_PATH}/Podfile.lock",
				"${PODS_ROOT}/Manifest.lock",
			);
			name = "[CP] Check Pods Manifest.lock";
			outputFileListPaths = (
			);
			outputPaths = (
				"$(DERIVED_FILE_DIR)/Pods-deliveryService-auth-checkManifestLockResult.txt",
			);
			runOnlyForDeploymentPostprocessing = 0;
			shellPath = /bin/sh;
			shellScript = "diff \"${PODS_PODFILE_DIR_PATH}/Podfile.lock\" \"${PODS_ROOT}/Manifest.lock\" > /dev/null\nif [ $? != 0 ] ; then\n    # print error to STDERR\n    echo \"error: The sandbox is not in sync with the Podfile.lock. Run 'pod install' or update your CocoaPods installation.\" >&2\n    exit 1\nfi\n# This output is used by Xcode 'outputs' to avoid re-running this script phase.\necho \"SUCCESS\" > \"${SCRIPT_OUTPUT_FILE_0}\"\n";
			showEnvVarsInLog = 0;
		};
		F25AD34A946189787C8DDA5D /* [CP] Embed Pods Frameworks */ = {
			isa = PBXShellScriptBuildPhase;
			buildActionMask = 2147483647;
			files = (
			);
			inputFileListPaths = (
				"${PODS_ROOT}/Target Support Files/Pods-deliveryService-auth/Pods-deliveryService-auth-frameworks-${CONFIGURATION}-input-files.xcfilelist",
			);
			name = "[CP] Embed Pods Frameworks";
			outputFileListPaths = (
				"${PODS_ROOT}/Target Support Files/Pods-deliveryService-auth/Pods-deliveryService-auth-frameworks-${CONFIGURATION}-output-files.xcfilelist",
			);
			runOnlyForDeploymentPostprocessing = 0;
			shellPath = /bin/sh;
			shellScript = "\"${PODS_ROOT}/Target Support Files/Pods-deliveryService-auth/Pods-deliveryService-auth-frameworks.sh\"\n";
			showEnvVarsInLog = 0;
		};
/* End PBXShellScriptBuildPhase section */

/* Begin PBXSourcesBuildPhase section */
		B846413A2839402F009E4E9B /* Sources */ = {
			isa = PBXSourcesBuildPhase;
			buildActionMask = 2147483647;
			files = (
				B82FBC8B283E516C0027A5BE /* ProfileVC.swift in Sources */,
				B82FBC88283E51000027A5BE /* ShopVC.swift in Sources */,
				B84641462839402F009E4E9B /* ViewController.swift in Sources */,
				B84641642839AD01009E4E9B /* RegisterDelegate.swift in Sources */,
				B871A493283BBBD600ED7F01 /* RestaurantsVC.swift in Sources */,
				B84641572839411B009E4E9B /* RegisterVC.swift in Sources */,
				B846415C28394401009E4E9B /* SetupRegisterViews.swift in Sources */,
				B84641422839402F009E4E9B /* AppDelegate.swift in Sources */,
				B846415E28399558009E4E9B /* CheckUserVC.swift in Sources */,
				B84641442839402F009E4E9B /* SceneDelegate.swift in Sources */,
				B82FBC85283E40160027A5BE /* TabBarVC.swift in Sources */,
				B8463BAF283BE30700E3D1F0 /* StartVC.swift in Sources */,
				B8463BB1283BE32C00E3D1F0 /* SetupStartViews.swift in Sources */,
				B871A495283BBFDC00ED7F01 /* SetupRestsViews.swift in Sources */,
				B84641622839986C009E4E9B /* SetupCheckViews.swift in Sources */,
			);
			runOnlyForDeploymentPostprocessing = 0;
		};
/* End PBXSourcesBuildPhase section */

/* Begin PBXVariantGroup section */
		B84641472839402F009E4E9B /* Main.storyboard */ = {
			isa = PBXVariantGroup;
			children = (
				B84641482839402F009E4E9B /* Base */,
			);
			name = Main.storyboard;
			sourceTree = "<group>";
		};
		B846414C28394030009E4E9B /* LaunchScreen.storyboard */ = {
			isa = PBXVariantGroup;
			children = (
				B846414D28394030009E4E9B /* Base */,
			);
			name = LaunchScreen.storyboard;
			sourceTree = "<group>";
		};
/* End PBXVariantGroup section */

/* Begin XCBuildConfiguration section */
		B846415028394030009E4E9B /* Debug */ = {
			isa = XCBuildConfiguration;
			buildSettings = {
				ALWAYS_SEARCH_USER_PATHS = NO;
				CLANG_ANALYZER_NONNULL = YES;
				CLANG_ANALYZER_NUMBER_OBJECT_CONVERSION = YES_AGGRESSIVE;
				CLANG_CXX_LANGUAGE_STANDARD = "gnu++14";
				CLANG_CXX_LIBRARY = "libc++";
				CLANG_ENABLE_MODULES = YES;
				CLANG_ENABLE_OBJC_ARC = YES;
				CLANG_ENABLE_OBJC_WEAK = YES;
				CLANG_WARN_BLOCK_CAPTURE_AUTORELEASING = YES;
				CLANG_WARN_BOOL_CONVERSION = YES;
				CLANG_WARN_COMMA = YES;
				CLANG_WARN_CONSTANT_CONVERSION = YES;
				CLANG_WARN_DEPRECATED_OBJC_IMPLEMENTATIONS = YES;
				CLANG_WARN_DIRECT_OBJC_ISA_USAGE = YES_ERROR;
				CLANG_WARN_DOCUMENTATION_COMMENTS = YES;
				CLANG_WARN_EMPTY_BODY = YES;
				CLANG_WARN_ENUM_CONVERSION = YES;
				CLANG_WARN_INFINITE_RECURSION = YES;
				CLANG_WARN_INT_CONVERSION = YES;
				CLANG_WARN_NON_LITERAL_NULL_CONVERSION = YES;
				CLANG_WARN_OBJC_IMPLICIT_RETAIN_SELF = YES;
				CLANG_WARN_OBJC_LITERAL_CONVERSION = YES;
				CLANG_WARN_OBJC_ROOT_CLASS = YES_ERROR;
				CLANG_WARN_RANGE_LOOP_ANALYSIS = YES;
				CLANG_WARN_STRICT_PROTOTYPES = YES;
				CLANG_WARN_SUSPICIOUS_MOVE = YES;
				CLANG_WARN_UNGUARDED_AVAILABILITY = YES_AGGRESSIVE;
				CLANG_WARN_UNREACHABLE_CODE = YES;
				CLANG_WARN__DUPLICATE_METHOD_MATCH = YES;
				COPY_PHASE_STRIP = NO;
				DEBUG_INFORMATION_FORMAT = dwarf;
				ENABLE_STRICT_OBJC_MSGSEND = YES;
				ENABLE_TESTABILITY = YES;
				GCC_C_LANGUAGE_STANDARD = gnu11;
				GCC_DYNAMIC_NO_PIC = NO;
				GCC_NO_COMMON_BLOCKS = YES;
				GCC_OPTIMIZATION_LEVEL = 0;
				GCC_PREPROCESSOR_DEFINITIONS = (
					"DEBUG=1",
					"$(inherited)",
				);
				GCC_WARN_64_TO_32_BIT_CONVERSION = YES;
				GCC_WARN_ABOUT_RETURN_TYPE = YES_ERROR;
				GCC_WARN_UNDECLARED_SELECTOR = YES;
				GCC_WARN_UNINITIALIZED_AUTOS = YES_AGGRESSIVE;
				GCC_WARN_UNUSED_FUNCTION = YES;
				GCC_WARN_UNUSED_VARIABLE = YES;
				IPHONEOS_DEPLOYMENT_TARGET = 13.2;
				MTL_ENABLE_DEBUG_INFO = INCLUDE_SOURCE;
				MTL_FAST_MATH = YES;
				ONLY_ACTIVE_ARCH = YES;
				SDKROOT = iphoneos;
				SWIFT_ACTIVE_COMPILATION_CONDITIONS = DEBUG;
				SWIFT_OPTIMIZATION_LEVEL = "-Onone";
			};
			name = Debug;
		};
		B846415128394030009E4E9B /* Release */ = {
			isa = XCBuildConfiguration;
			buildSettings = {
				ALWAYS_SEARCH_USER_PATHS = NO;
				CLANG_ANALYZER_NONNULL = YES;
				CLANG_ANALYZER_NUMBER_OBJECT_CONVERSION = YES_AGGRESSIVE;
				CLANG_CXX_LANGUAGE_STANDARD = "gnu++14";
				CLANG_CXX_LIBRARY = "libc++";
				CLANG_ENABLE_MODULES = YES;
				CLANG_ENABLE_OBJC_ARC = YES;
				CLANG_ENABLE_OBJC_WEAK = YES;
				CLANG_WARN_BLOCK_CAPTURE_AUTORELEASING = YES;
				CLANG_WARN_BOOL_CONVERSION = YES;
				CLANG_WARN_COMMA = YES;
				CLANG_WARN_CONSTANT_CONVERSION = YES;
				CLANG_WARN_DEPRECATED_OBJC_IMPLEMENTATIONS = YES;
				CLANG_WARN_DIRECT_OBJC_ISA_USAGE = YES_ERROR;
				CLANG_WARN_DOCUMENTATION_COMMENTS = YES;
				CLANG_WARN_EMPTY_BODY = YES;
				CLANG_WARN_ENUM_CONVERSION = YES;
				CLANG_WARN_INFINITE_RECURSION = YES;
				CLANG_WARN_INT_CONVERSION = YES;
				CLANG_WARN_NON_LITERAL_NULL_CONVERSION = YES;
				CLANG_WARN_OBJC_IMPLICIT_RETAIN_SELF = YES;
				CLANG_WARN_OBJC_LITERAL_CONVERSION = YES;
				CLANG_WARN_OBJC_ROOT_CLASS = YES_ERROR;
				CLANG_WARN_RANGE_LOOP_ANALYSIS = YES;
				CLANG_WARN_STRICT_PROTOTYPES = YES;
				CLANG_WARN_SUSPICIOUS_MOVE = YES;
				CLANG_WARN_UNGUARDED_AVAILABILITY = YES_AGGRESSIVE;
				CLANG_WARN_UNREACHABLE_CODE = YES;
				CLANG_WARN__DUPLICATE_METHOD_MATCH = YES;
				COPY_PHASE_STRIP = NO;
				DEBUG_INFORMATION_FORMAT = "dwarf-with-dsym";
				ENABLE_NS_ASSERTIONS = NO;
				ENABLE_STRICT_OBJC_MSGSEND = YES;
				GCC_C_LANGUAGE_STANDARD = gnu11;
				GCC_NO_COMMON_BLOCKS = YES;
				GCC_WARN_64_TO_32_BIT_CONVERSION = YES;
				GCC_WARN_ABOUT_RETURN_TYPE = YES_ERROR;
				GCC_WARN_UNDECLARED_SELECTOR = YES;
				GCC_WARN_UNINITIALIZED_AUTOS = YES_AGGRESSIVE;
				GCC_WARN_UNUSED_FUNCTION = YES;
				GCC_WARN_UNUSED_VARIABLE = YES;
				IPHONEOS_DEPLOYMENT_TARGET = 13.2;
				MTL_ENABLE_DEBUG_INFO = NO;
				MTL_FAST_MATH = YES;
				SDKROOT = iphoneos;
				SWIFT_COMPILATION_MODE = wholemodule;
				SWIFT_OPTIMIZATION_LEVEL = "-O";
				VALIDATE_PRODUCT = YES;
			};
			name = Release;
		};
		B846415328394030009E4E9B /* Debug */ = {
			isa = XCBuildConfiguration;
			baseConfigurationReference = 2E8682EFF24F2BA1D7AD7169 /* Pods-deliveryService-auth.debug.xcconfig */;
			buildSettings = {
				ASSETCATALOG_COMPILER_APPICON_NAME = AppIcon;
				CODE_SIGN_STYLE = Automatic;
				INFOPLIST_FILE = "deliveryService-auth/Info.plist";
				LD_RUNPATH_SEARCH_PATHS = (
					"$(inherited)",
					"@executable_path/Frameworks",
				);
				PRODUCT_BUNDLE_IDENTIFIER = "virusloki.deliveryService-auth";
				PRODUCT_NAME = "$(TARGET_NAME)";
				SWIFT_VERSION = 5.0;
				TARGETED_DEVICE_FAMILY = 1;
			};
			name = Debug;
		};
		B846415428394030009E4E9B /* Release */ = {
			isa = XCBuildConfiguration;
			baseConfigurationReference = D2B659ECE5EF645CB5898235 /* Pods-deliveryService-auth.release.xcconfig */;
			buildSettings = {
				ASSETCATALOG_COMPILER_APPICON_NAME = AppIcon;
				CODE_SIGN_STYLE = Automatic;
				INFOPLIST_FILE = "deliveryService-auth/Info.plist";
				LD_RUNPATH_SEARCH_PATHS = (
					"$(inherited)",
					"@executable_path/Frameworks",
				);
				PRODUCT_BUNDLE_IDENTIFIER = "virusloki.deliveryService-auth";
				PRODUCT_NAME = "$(TARGET_NAME)";
				SWIFT_VERSION = 5.0;
				TARGETED_DEVICE_FAMILY = 1;
			};
			name = Release;
		};
/* End XCBuildConfiguration section */

/* Begin XCConfigurationList section */
		B84641392839402F009E4E9B /* Build configuration list for PBXProject "deliveryService-auth" */ = {
			isa = XCConfigurationList;
			buildConfigurations = (
				B846415028394030009E4E9B /* Debug */,
				B846415128394030009E4E9B /* Release */,
			);
			defaultConfigurationIsVisible = 0;
			defaultConfigurationName = Release;
		};
		B846415228394030009E4E9B /* Build configuration list for PBXNativeTarget "deliveryService-auth" */ = {
			isa = XCConfigurationList;
			buildConfigurations = (
				B846415328394030009E4E9B /* Debug */,
				B846415428394030009E4E9B /* Release */,
			);
			defaultConfigurationIsVisible = 0;
			defaultConfigurationName = Release;
		};
/* End XCConfigurationList section */
	};
	rootObject = B84641362839402F009E4E9B /* Project object */;
}
